
Microsoft Visual Studio Solution File, Format Version 10.00
# Visual Studio 2008
Project("{FAE04EC0-301F-11D3-BF4B-00C04F79EFBC}") = "Tracking_Example_Silverlight2", "Tracking_Example_Silverlight2\Tracking_Example_Silverlight2.csproj", "{F304C1DB-2683-4082-9C78-1009C4D5C93D}"
EndProject
Project("{E24C65DC-7377-472B-9ABA-BC803B73C61A}") = "Tracking_Example_Silverlight2_Web", "Tracking_Example_Silverlight2_Web\", "{71779745-F65F-4B66-86C2-BEBC6A45698C}"
	ProjectSection(WebsiteProperties) = preProject
		TargetFramework = "3.5"
		Debug.AspNetCompiler.VirtualPath = "/Tracking_Example_Silverlight2_Web"
		Debug.AspNetCompiler.PhysicalPath = "Tracking_Example_Silverlight2_Web\"
		Debug.AspNetCompiler.TargetPath = "PrecompiledWeb\Tracking_Example_Silverlight2_Web\"
		Debug.AspNetCompiler.Updateable = "true"
		Debug.AspNetCompiler.ForceOverwrite = "true"
		Debug.AspNetCompiler.FixedNames = "false"
		Debug.AspNetCompiler.Debug = "True"
		Release.AspNetCompiler.VirtualPath = "/Tracking_Example_Silverlight2_Web"
		Release.AspNetCompiler.PhysicalPath = "Tracking_Example_Silverlight2_Web\"
		Release.AspNetCompiler.TargetPath = "PrecompiledWeb\Tracking_Example_Silverlight2_Web\"
		Release.AspNetCompiler.Updateable = "true"
		Release.AspNetCompiler.ForceOverwrite = "true"
		Release.AspNetCompiler.FixedNames = "false"
		Release.AspNetCompiler.Debug = "False"
		VWDPort = "1926"
		DefaultWebSiteLanguage = "Visual C#"
		ProjOutputReferences = "{F304C1DB-2683-4082-9C78-1009C4D5C93D}|;"
	EndProjectSection
EndProject
Global
	GlobalSection(SolutionConfigurationPlatforms) = preSolution
		Debug|.NET = Debug|.NET
		Debug|Any CPU = Debug|Any CPU
		Debug|Mixed Platforms = Debug|Mixed Platforms
		Release|.NET = Release|.NET
		Release|Any CPU = Release|Any CPU
		Release|Mixed Platforms = Release|Mixed Platforms
	EndGlobalSection
	GlobalSection(ProjectConfigurationPlatforms) = postSolution
		{F304C1DB-2683-4082-9C78-1009C4D5C93D}.Debug|.NET.ActiveCfg = Debug|Any CPU
		{F304C1DB-2683-4082-9C78-1009C4D5C93D}.Debug|Any CPU.ActiveCfg = Debug|Any CPU
		{F304C1DB-2683-4082-9C78-1009C4D5C93D}.Debug|Any CPU.Build.0 = Debug|Any CPU
		{F304C1DB-2683-4082-9C78-1009C4D5C93D}.Debug|Mixed Platforms.ActiveCfg = Debug|Any CPU
		{F304C1DB-2683-4082-9C78-1009C4D5C93D}.Debug|Mixed Platforms.Build.0 = Debug|Any CPU
		{F304C1DB-2683-4082-9C78-1009C4D5C93D}.Release|.NET.ActiveCfg = Release|Any CPU
		{F304C1DB-2683-4082-9C78-1009C4D5C93D}.Release|Any CPU.ActiveCfg = Release|Any CPU
		{F304C1DB-2683-4082-9C78-1009C4D5C93D}.Release|Any CPU.Build.0 = Release|Any CPU
		{F304C1DB-2683-4082-9C78-1009C4D5C93D}.Release|Mixed Platforms.ActiveCfg = Release|Any CPU
		{F304C1DB-2683-4082-9C78-1009C4D5C93D}.Release|Mixed Platforms.Build.0 = Release|Any CPU
		{71779745-F65F-4B66-86C2-BEBC6A45698C}.Debug|.NET.ActiveCfg = Debug|.NET
		{71779745-F65F-4B66-86C2-BEBC6A45698C}.Debug|.NET.Build.0 = Debug|.NET
		{71779745-F65F-4B66-86C2-BEBC6A45698C}.Debug|Any CPU.ActiveCfg = Debug|.NET
		{71779745-F65F-4B66-86C2-BEBC6A45698C}.Debug|Mixed Platforms.ActiveCfg = Debug|.NET
		{71779745-F65F-4B66-86C2-BEBC6A45698C}.Debug|Mixed Platforms.Build.0 = Debug|.NET
		{71779745-F65F-4B66-86C2-BEBC6A45698C}.Release|.NET.ActiveCfg = Debug|.NET
		{71779745-F65F-4B66-86C2-BEBC6A45698C}.Release|.NET.Build.0 = Debug|.NET
		{71779745-F65F-4B66-86C2-BEBC6A45698C}.Release|Any CPU.ActiveCfg = Debug|.NET
		{71779745-F65F-4B66-86C2-BEBC6A45698C}.Release|Mixed Platforms.ActiveCfg = Debug|.NET
		{71779745-F65F-4B66-86C2-BEBC6A45698C}.Release|Mixed Platforms.Build.0 = Debug|.NET
	EndGlobalSection
	GlobalSection(SolutionProperties) = preSolution
		HideSolutionNode = FALSE
	EndGlobalSection
EndGlobal
